
Microsoft Visual Studio Solution File, Format Version 12.00
# Visual Studio Version 16
VisualStudioVersion = 16.0.28803.202
MinimumVisualStudioVersion = 10.0.40219.1
Project("{FAE04EC0-301F-11D3-BF4B-00C04F79EFBC}") = "TestApplication", "TestApplication\TestApplication.csproj", "{83E7D643-3D73-472E-876C-CD9ED772C6C0}"
EndProject
Global
	GlobalSection(SolutionConfigurationPlatforms) = preSolution
		Debug|Any CPU = Debug|Any CPU
		Release|Any CPU = Release|Any CPU
	EndGlobalSection
	GlobalSection(ProjectConfigurationPlatforms) = postSolution
		{83E7D643-3D73-472E-876C-CD9ED772C6C0}.Debug|Any CPU.ActiveCfg = Debug|Any CPU
		{83E7D643-3D73-472E-876C-CD9ED772C6C0}.Debug|Any CPU.Build.0 = Debug|Any CPU
		{83E7D643-3D73-472E-876C-CD9ED772C6C0}.Release|Any CPU.ActiveCfg = Release|Any CPU
		{83E7D643-3D73-472E-876C-CD9ED772C6C0}.Release|Any CPU.Build.0 = Release|Any CPU
	EndGlobalSection
	GlobalSection(SolutionProperties) = preSolution
		HideSolutionNode = FALSE
	EndGlobalSection
	GlobalSection(ExtensibilityGlobals) = postSolution
		SolutionGuid = {2321804F-3B3F-4637-A979-F8C8E227E829}
	EndGlobalSection
EndGlobal
